
Microsoft Visual Studio Solution File, Format Version 12.00
# Visual Studio Version 16
VisualStudioVersion = 16.0.29020.237
MinimumVisualStudioVersion = 10.0.40219.1
Project("{9A19103F-16F7-4668-BE54-9A1E7A4F7556}") = "JCBlogProject", "JCBlogProject\JCBlogProject.csproj", "{B8D15D27-5882-4F8B-ACFD-DD37CE02AEAA}"
EndProject
Project("{FAE04EC0-301F-11D3-BF4B-00C04F79EFBC}") = "JCBlogProject.Tests", "JCBlogProject.Tests\JCBlogProject.Tests.csproj", "{2A5A1D13-A573-4FB8-AF0A-65AD78686E51}"
EndProject
Global
	GlobalSection(SolutionConfigurationPlatforms) = preSolution
		Debug|Any CPU = Debug|Any CPU
		Release|Any CPU = Release|Any CPU
	EndGlobalSection
	GlobalSection(ProjectConfigurationPlatforms) = postSolution
		{B8D15D27-5882-4F8B-ACFD-DD37CE02AEAA}.Debug|Any CPU.ActiveCfg = Debug|Any CPU
		{B8D15D27-5882-4F8B-ACFD-DD37CE02AEAA}.Debug|Any CPU.Build.0 = Debug|Any CPU
		{B8D15D27-5882-4F8B-ACFD-DD37CE02AEAA}.Release|Any CPU.ActiveCfg = Release|Any CPU
		{B8D15D27-5882-4F8B-ACFD-DD37CE02AEAA}.Release|Any CPU.Build.0 = Release|Any CPU
		{2A5A1D13-A573-4FB8-AF0A-65AD78686E51}.Debug|Any CPU.ActiveCfg = Debug|Any CPU
		{2A5A1D13-A573-4FB8-AF0A-65AD78686E51}.Debug|Any CPU.Build.0 = Debug|Any CPU
		{2A5A1D13-A573-4FB8-AF0A-65AD78686E51}.Release|Any CPU.ActiveCfg = Release|Any CPU
		{2A5A1D13-A573-4FB8-AF0A-65AD78686E51}.Release|Any CPU.Build.0 = Release|Any CPU
	EndGlobalSection
	GlobalSection(SolutionProperties) = preSolution
		HideSolutionNode = FALSE
	EndGlobalSection
	GlobalSection(ExtensibilityGlobals) = postSolution
		SolutionGuid = {BCB33D08-7072-4575-B089-C9AD86FA60EC}
	EndGlobalSection
EndGlobal
